
Microsoft Visual Studio Solution File, Format Version 12.00
# Visual Studio 15
VisualStudioVersion = 15.0.28307.168
MinimumVisualStudioVersion = 10.0.40219.1
Project("{9A19103F-16F7-4668-BE54-9A1E7A4F7556}") = "Sprinters.Webshop.BFF", "Sprinters.Webshop.BFF\Sprinters.Webshop.BFF.csproj", "{87345475-E86A-437A-B772-FA1BACFECF36}"
EndProject
Project("{9A19103F-16F7-4668-BE54-9A1E7A4F7556}") = "Sprinters.SharedTypes", "..\Sprinters.SharedTypes\Sprinters.SharedTypes.csproj", "{9EAEEA58-1541-4AC4-BC8F-C3E4C6530A09}"
EndProject
Project("{FAE04EC0-301F-11D3-BF4B-00C04F79EFBC}") = "Sprinters.Webshop.BFF.Test", "Sprinters.Webshop.BFF.Test\Sprinters.Webshop.BFF.Test.csproj", "{1BB99BCB-C677-425C-9667-71A1FEE8BD3E}"
EndProject
Global
	GlobalSection(SolutionConfigurationPlatforms) = preSolution
		Debug|Any CPU = Debug|Any CPU
		Release|Any CPU = Release|Any CPU
	EndGlobalSection
	GlobalSection(ProjectConfigurationPlatforms) = postSolution
		{87345475-E86A-437A-B772-FA1BACFECF36}.Debug|Any CPU.ActiveCfg = Debug|Any CPU
		{87345475-E86A-437A-B772-FA1BACFECF36}.Debug|Any CPU.Build.0 = Debug|Any CPU
		{87345475-E86A-437A-B772-FA1BACFECF36}.Release|Any CPU.ActiveCfg = Release|Any CPU
		{87345475-E86A-437A-B772-FA1BACFECF36}.Release|Any CPU.Build.0 = Release|Any CPU
		{9EAEEA58-1541-4AC4-BC8F-C3E4C6530A09}.Debug|Any CPU.ActiveCfg = Debug|Any CPU
		{9EAEEA58-1541-4AC4-BC8F-C3E4C6530A09}.Debug|Any CPU.Build.0 = Debug|Any CPU
		{9EAEEA58-1541-4AC4-BC8F-C3E4C6530A09}.Release|Any CPU.ActiveCfg = Release|Any CPU
		{9EAEEA58-1541-4AC4-BC8F-C3E4C6530A09}.Release|Any CPU.Build.0 = Release|Any CPU
		{1BB99BCB-C677-425C-9667-71A1FEE8BD3E}.Debug|Any CPU.ActiveCfg = Debug|Any CPU
		{1BB99BCB-C677-425C-9667-71A1FEE8BD3E}.Debug|Any CPU.Build.0 = Debug|Any CPU
		{1BB99BCB-C677-425C-9667-71A1FEE8BD3E}.Release|Any CPU.ActiveCfg = Release|Any CPU
		{1BB99BCB-C677-425C-9667-71A1FEE8BD3E}.Release|Any CPU.Build.0 = Release|Any CPU
	EndGlobalSection
	GlobalSection(SolutionProperties) = preSolution
		HideSolutionNode = FALSE
	EndGlobalSection
	GlobalSection(ExtensibilityGlobals) = postSolution
		SolutionGuid = {79930258-F7A5-48F5-ABB7-275B61DA4BAE}
	EndGlobalSection
EndGlobal
