
Microsoft Visual Studio Solution File, Format Version 12.00
# Visual Studio 15
VisualStudioVersion = 15.0.28307.168
MinimumVisualStudioVersion = 10.0.40219.1
Project("{FAE04EC0-301F-11D3-BF4B-00C04F79EFBC}") = "Sprinters.KlantBeheer", "Sprinters.KlantBeheer\Sprinters.KlantBeheer.csproj", "{F1CC2EA2-F6AA-473B-B07E-55DAD73B3DD5}"
EndProject
Project("{FAE04EC0-301F-11D3-BF4B-00C04F79EFBC}") = "Sprinters.KlantBeheer.Test", "Sprinters.KlantBeheer.Test\Sprinters.KlantBeheer.Test.csproj", "{40AFEE75-7D12-49BF-8553-D0E1B2A204BB}"
EndProject
Project("{9A19103F-16F7-4668-BE54-9A1E7A4F7556}") = "Sprinters.SharedTypes", "..\Sprinters.SharedTypes\Sprinters.SharedTypes.csproj", "{D9050F0E-1E7A-40F6-8CF7-D932BBB4C1BA}"
EndProject
Global
	GlobalSection(SolutionConfigurationPlatforms) = preSolution
		Debug|Any CPU = Debug|Any CPU
		Release|Any CPU = Release|Any CPU
	EndGlobalSection
	GlobalSection(ProjectConfigurationPlatforms) = postSolution
		{F1CC2EA2-F6AA-473B-B07E-55DAD73B3DD5}.Debug|Any CPU.ActiveCfg = Debug|Any CPU
		{F1CC2EA2-F6AA-473B-B07E-55DAD73B3DD5}.Debug|Any CPU.Build.0 = Debug|Any CPU
		{F1CC2EA2-F6AA-473B-B07E-55DAD73B3DD5}.Release|Any CPU.ActiveCfg = Release|Any CPU
		{F1CC2EA2-F6AA-473B-B07E-55DAD73B3DD5}.Release|Any CPU.Build.0 = Release|Any CPU
		{40AFEE75-7D12-49BF-8553-D0E1B2A204BB}.Debug|Any CPU.ActiveCfg = Debug|Any CPU
		{40AFEE75-7D12-49BF-8553-D0E1B2A204BB}.Debug|Any CPU.Build.0 = Debug|Any CPU
		{40AFEE75-7D12-49BF-8553-D0E1B2A204BB}.Release|Any CPU.ActiveCfg = Release|Any CPU
		{40AFEE75-7D12-49BF-8553-D0E1B2A204BB}.Release|Any CPU.Build.0 = Release|Any CPU
		{D9050F0E-1E7A-40F6-8CF7-D932BBB4C1BA}.Debug|Any CPU.ActiveCfg = Debug|Any CPU
		{D9050F0E-1E7A-40F6-8CF7-D932BBB4C1BA}.Debug|Any CPU.Build.0 = Debug|Any CPU
		{D9050F0E-1E7A-40F6-8CF7-D932BBB4C1BA}.Release|Any CPU.ActiveCfg = Release|Any CPU
		{D9050F0E-1E7A-40F6-8CF7-D932BBB4C1BA}.Release|Any CPU.Build.0 = Release|Any CPU
	EndGlobalSection
	GlobalSection(SolutionProperties) = preSolution
		HideSolutionNode = FALSE
	EndGlobalSection
	GlobalSection(ExtensibilityGlobals) = postSolution
		SolutionGuid = {76EAEAA9-BD20-41C0-AC9F-2013BB45BA96}
	EndGlobalSection
EndGlobal
